{
    "_readme": [
        "This file locks the dependencies of your project to a known state",
        "Read more about it at https://getcomposer.org/doc/01-basic-usage.md#installing-dependencies",
        "This file is @generated automatically"
    ],
    "content-hash": "edd91166e5e42118748de8b611f49b4d",
    "packages": [
        {
            "name": "dg/twitter-php",
            "version": "v4.1.2",
            "source": {
                "type": "git",
                "url": "https://github.com/dg/twitter-php.git",
                "reference": "450baa2fd7b5e815c5f050b019c4486d1b1b01da"
            },
            "dist": {
                "type": "zip",
                "url": "https://api.github.com/repos/dg/twitter-php/zipball/450baa2fd7b5e815c5f050b019c4486d1b1b01da",
                "reference": "450baa2fd7b5e815c5f050b019c4486d1b1b01da",
                "shasum": ""
            },
            "require": {
                "ext-curl": "*",
                "ext-json": "*",
                "php": ">=7.1"
            },
            "type": "library",
            "extra": {
                "branch-alias": {
                    "dev-master": "4.0-dev"
                }
            },
            "autoload": {
                "classmap": [
                    "src/"
                ]
            },
            "notification-url": "https://packagist.org/downloads/",
            "license": [
                "BSD-3-Clause"
            ],
            "authors": [
                {
                    "name": "David Grudl",
                    "homepage": "https://davidgrudl.com"
                }
            ],
            "description": "Small and easy Twitter library for PHP",
            "homepage": "https://github.com/dg/twitter-php",
            "keywords": [
                "oauth",
                "twitter"
            ],
            "support": {
                "source": "https://github.com/dg/twitter-php/tree/master"
            },
            "time": "2020-05-11T22:48:42+00:00"
        },
        {
            "name": "hackthissite/php-bull-scheduler",
            "version": "dev-master",
            "source": {
                "type": "git",
                "url": "https://github.com/HackThisSite/PHP-Bull-Scheduler.git",
                "reference": "84674c05ba5752c19d7666b4117fea2dac21c1ba"
            },
            "dist": {
                "type": "zip",
                "url": "https://api.github.com/repos/HackThisSite/PHP-Bull-Scheduler/zipball/84674c05ba5752c19d7666b4117fea2dac21c1ba",
                "reference": "84674c05ba5752c19d7666b4117fea2dac21c1ba",
                "shasum": ""
            },
            "require": {
                "ext-json": "*",
                "php": ">=5.5.0 || >=7.0",
                "predis/predis": "^1.1",
                "psr/log": "^1.1",
                "ramsey/uuid": "^3.8",
                "vierbergenlars/php-semver": "^3.0"
            },
            "require-dev": {
                "clean/phpdoc-md": "^0.14",
                "ext-ctype": "*",
                "ext-phar": "*",
                "phpunit/phpunit": "^4.8 || ^6.3"
            },
            "suggest": {
                "ext-redis": "*"
            },
            "default-branch": true,
            "type": "library",
            "autoload": {
                "psr-4": {
                    "HackThisSite\\BullScheduler\\": "src"
                }
            },
            "notification-url": "https://packagist.org/downloads/",
            "license": [
                "MIT"
            ],
            "authors": [
                {
                    "name": "HackThisSite",
                    "email": "staff@hackthissite.org"
                }
            ],
            "description": "PHP library to schedule Redis jobs for the NodeJS Bull Redis queue",
            "keywords": [
                "bull",
                "nodejs",
                "php",
                "queue",
                "redis",
                "scheduler"
            ],
            "support": {
                "issues": "https://github.com/hackthissite/php-bull-scheduler/issues",
                "source": "https://github.com/HackThisSite/PHP-Bull-Scheduler/tree/master"
            },
            "time": "2019-01-29T10:50:30+00:00"
        },
        {
            "name": "itpanda-llc/yandex-speechkit-php-sdk",
            "version": "dev-master",
            "source": {
                "type": "git",
                "url": "https://github.com/itpanda-llc/yandex-speechkit-php-sdk.git",
                "reference": "60ceb4e13765425886a7f7d2f0acf230d30990e4"
            },
            "dist": {
                "type": "zip",
                "url": "https://api.github.com/repos/itpanda-llc/yandex-speechkit-php-sdk/zipball/60ceb4e13765425886a7f7d2f0acf230d30990e4",
                "reference": "60ceb4e13765425886a7f7d2f0acf230d30990e4",
                "shasum": ""
            },
            "require": {
                "ext-curl": "*",
                "ext-json": "*"
            },
            "default-branch": true,
            "type": "library",
            "autoload": {
                "psr-4": {
                    "Panda\\Yandex\\SpeechKitSDK\\": "src"
                }
            },
            "notification-url": "https://packagist.org/downloads/",
            "license": [
                "MIT"
            ],
            "authors": [
                {
                    "name": "itpanda-llc",
                    "homepage": "https://github.com/itpanda-llc",
                    "role": "developer"
                }
            ],
            "description": "Library for integration with the speech technology service Yandex SpeechKit",
            "homepage": "https://github.com/itpanda-llc/yandex-speechkit-php-sdk",
            "keywords": [
                "Panda",
                "speechkit",
                "yandex"
            ],
            "support": {
                "issues": "https://github.com/itpanda-llc/yandex-speechkit-php-sdk/issues",
                "source": "https://github.com/itpanda-llc/yandex-speechkit-php-sdk/tree/master"
            },
            "time": "2020-06-17T03:34:56+00:00"
        },
        {
            "name": "paragonie/random_compat",
            "version": "v9.99.99",
            "source": {
                "type": "git",
                "url": "https://github.com/paragonie/random_compat.git",
                "reference": "84b4dfb120c6f9b4ff7b3685f9b8f1aa365a0c95"
            },
            "dist": {
                "type": "zip",
                "url": "https://api.github.com/repos/paragonie/random_compat/zipball/84b4dfb120c6f9b4ff7b3685f9b8f1aa365a0c95",
                "reference": "84b4dfb120c6f9b4ff7b3685f9b8f1aa365a0c95",
                "shasum": ""
            },
            "require": {
                "php": "^7"
            },
            "require-dev": {
                "phpunit/phpunit": "4.*|5.*",
                "vimeo/psalm": "^1"
            },
            "suggest": {
                "ext-libsodium": "Provides a modern crypto API that can be used to generate random bytes."
            },
            "type": "library",
            "notification-url": "https://packagist.org/downloads/",
            "license": [
                "MIT"
            ],
            "authors": [
                {
                    "name": "Paragon Initiative Enterprises",
                    "email": "security@paragonie.com",
                    "homepage": "https://paragonie.com"
                }
            ],
            "description": "PHP 5.x polyfill for random_bytes() and random_int() from PHP 7",
            "keywords": [
                "csprng",
                "polyfill",
                "pseudorandom",
                "random"
            ],
            "support": {
                "email": "info@paragonie.com",
                "issues": "https://github.com/paragonie/random_compat/issues",
                "source": "https://github.com/paragonie/random_compat"
            },
            "time": "2018-07-02T15:55:56+00:00"
        },
        {
            "name": "predis/predis",
            "version": "v1.1.x-dev",
            "source": {
                "type": "git",
                "url": "https://github.com/predis/predis.git",
                "reference": "5f4b87080f4df0042a57d537137c1d2c17a2b79a"
            },
            "dist": {
                "type": "zip",
                "url": "https://api.github.com/repos/predis/predis/zipball/5f4b87080f4df0042a57d537137c1d2c17a2b79a",
                "reference": "5f4b87080f4df0042a57d537137c1d2c17a2b79a",
                "shasum": ""
            },
            "require": {
                "php": ">=5.3.9"
            },
            "require-dev": {
                "cweagans/composer-patches": "^1.6",
                "phpunit/phpunit": "~4.8"
            },
            "suggest": {
                "ext-curl": "Allows access to Webdis when paired with phpiredis",
                "ext-phpiredis": "Allows faster serialization and deserialization of the Redis protocol"
            },
            "type": "library",
            "extra": {
                "composer-exit-on-patch-failure": true,
                "patches": {
                    "phpunit/phpunit-mock-objects": {
                        "Fix PHP 7 and 8 compatibility": "./tests/phpunit_mock_objects.patch"
                    },
                    "phpunit/phpunit": {
                        "Fix PHP 7 compatibility": "./tests/phpunit_php7.patch",
                        "Fix PHP 8 compatibility": "./tests/phpunit_php8.patch"
                    }
                }
            },
            "autoload": {
                "psr-4": {
                    "Predis\\": "src/"
                }
            },
            "notification-url": "https://packagist.org/downloads/",
            "license": [
                "MIT"
            ],
            "authors": [
                {
                    "name": "Daniele Alessandri",
                    "email": "suppakilla@gmail.com",
                    "homepage": "http://clorophilla.net",
                    "role": "Creator & Maintainer"
                },
                {
                    "name": "Till Krüss",
                    "homepage": "https://till.im",
                    "role": "Maintainer"
                }
            ],
            "description": "Flexible and feature-complete Redis client for PHP and HHVM",
            "homepage": "http://github.com/predis/predis",
            "keywords": [
                "nosql",
                "predis",
                "redis"
            ],
            "support": {
                "issues": "https://github.com/predis/predis/issues",
                "source": "https://github.com/predis/predis/tree/v1.1"
            },
            "funding": [
                {
                    "url": "https://github.com/sponsors/tillkruss",
                    "type": "github"
                }
            ],
            "time": "2020-09-20T15:16:49+00:00"
        },
        {
            "name": "psr/log",
            "version": "dev-master",
            "source": {
                "type": "git",
                "url": "https://github.com/php-fig/log.git",
                "reference": "dd738d0b4491f32725492cf345f6b501f5922fec"
            },
            "dist": {
                "type": "zip",
                "url": "https://api.github.com/repos/php-fig/log/zipball/dd738d0b4491f32725492cf345f6b501f5922fec",
                "reference": "dd738d0b4491f32725492cf345f6b501f5922fec",
                "shasum": ""
            },
            "require": {
                "php": ">=5.3.0"
            },
            "default-branch": true,
            "type": "library",
            "extra": {
                "branch-alias": {
                    "dev-master": "1.1.x-dev"
                }
            },
            "autoload": {
                "psr-4": {
                    "Psr\\Log\\": "Psr/Log/"
                }
            },
            "notification-url": "https://packagist.org/downloads/",
            "license": [
                "MIT"
            ],
            "authors": [
                {
                    "name": "PHP-FIG",
                    "homepage": "https://www.php-fig.org/"
                }
            ],
            "description": "Common interface for logging libraries",
            "homepage": "https://github.com/php-fig/log",
            "keywords": [
                "log",
                "psr",
                "psr-3"
            ],
            "support": {
                "source": "https://github.com/php-fig/log/tree/master"
            },
            "time": "2020-09-18T06:44:51+00:00"
        },
        {
            "name": "ramsey/uuid",
            "version": "3.x-dev",
            "source": {
                "type": "git",
                "url": "https://github.com/ramsey/uuid.git",
                "reference": "7e1633a6964b48589b142d60542f9ed31bd37a92"
            },
            "dist": {
                "type": "zip",
                "url": "https://api.github.com/repos/ramsey/uuid/zipball/7e1633a6964b48589b142d60542f9ed31bd37a92",
                "reference": "7e1633a6964b48589b142d60542f9ed31bd37a92",
                "shasum": ""
            },
            "require": {
                "ext-json": "*",
                "paragonie/random_compat": "^1 | ^2 | 9.99.99",
                "php": "^5.4 | ^7 | ^8",
                "symfony/polyfill-ctype": "^1.8"
            },
            "replace": {
                "rhumsaa/uuid": "self.version"
            },
            "require-dev": {
                "codeception/aspect-mock": "^1 | ^2",
                "doctrine/annotations": "^1.2",
                "goaop/framework": "1.0.0-alpha.2 | ^1 | ^2.1",
                "jakub-onderka/php-parallel-lint": "^1",
                "mockery/mockery": "^0.9.11 | ^1",
                "moontoast/math": "^1.1",
                "paragonie/random-lib": "^2",
                "php-mock/php-mock-phpunit": "^0.3 | ^1.1",
                "phpunit/phpunit": "^4.8 | ^5.4 | ^6.5",
                "squizlabs/php_codesniffer": "^3.5"
            },
            "suggest": {
                "ext-ctype": "Provides support for PHP Ctype functions",
                "ext-libsodium": "Provides the PECL libsodium extension for use with the SodiumRandomGenerator",
                "ext-openssl": "Provides the OpenSSL extension for use with the OpenSslGenerator",
                "ext-uuid": "Provides the PECL UUID extension for use with the PeclUuidTimeGenerator and PeclUuidRandomGenerator",
                "moontoast/math": "Provides support for converting UUID to 128-bit integer (in string form).",
                "paragonie/random-lib": "Provides RandomLib for use with the RandomLibAdapter",
                "ramsey/uuid-console": "A console application for generating UUIDs with ramsey/uuid",
                "ramsey/uuid-doctrine": "Allows the use of Ramsey\\Uuid\\Uuid as Doctrine field type."
            },
            "type": "library",
            "extra": {
                "branch-alias": {
                    "dev-master": "3.x-dev"
                }
            },
            "autoload": {
                "psr-4": {
                    "Ramsey\\Uuid\\": "src/"
                },
                "files": [
                    "src/functions.php"
                ]
            },
            "notification-url": "https://packagist.org/downloads/",
            "license": [
                "MIT"
            ],
            "authors": [
                {
                    "name": "Ben Ramsey",
                    "email": "ben@benramsey.com",
                    "homepage": "https://benramsey.com"
                },
                {
                    "name": "Marijn Huizendveld",
                    "email": "marijn.huizendveld@gmail.com"
                },
                {
                    "name": "Thibaud Fabre",
                    "email": "thibaud@aztech.io"
                }
            ],
            "description": "Formerly rhumsaa/uuid. A PHP 5.4+ library for generating RFC 4122 version 1, 3, 4, and 5 universally unique identifiers (UUID).",
            "homepage": "https://github.com/ramsey/uuid",
            "keywords": [
                "guid",
                "identifier",
                "uuid"
            ],
            "support": {
                "issues": "https://github.com/ramsey/uuid/issues",
                "rss": "https://github.com/ramsey/uuid/releases.atom",
                "source": "https://github.com/ramsey/uuid",
                "wiki": "https://github.com/ramsey/uuid/wiki"
            },
            "time": "2020-02-21T04:36:14+00:00"
        },
        {
            "name": "symfony/polyfill-ctype",
            "version": "dev-main",
            "source": {
                "type": "git",
                "url": "https://github.com/symfony/polyfill-ctype.git",
                "reference": "fade6deebd931cfd7a544f68479405a6a08979a3"
            },
            "dist": {
                "type": "zip",
                "url": "https://api.github.com/repos/symfony/polyfill-ctype/zipball/fade6deebd931cfd7a544f68479405a6a08979a3",
                "reference": "fade6deebd931cfd7a544f68479405a6a08979a3",
                "shasum": ""
            },
            "require": {
                "php": ">=7.1"
            },
            "suggest": {
                "ext-ctype": "For best performance"
            },
            "default-branch": true,
            "type": "library",
            "extra": {
                "branch-alias": {
                    "dev-main": "1.21-dev"
                },
                "thanks": {
                    "name": "symfony/polyfill",
                    "url": "https://github.com/symfony/polyfill"
                }
            },
            "autoload": {
                "psr-4": {
                    "Symfony\\Polyfill\\Ctype\\": ""
                },
                "files": [
                    "bootstrap.php"
                ]
            },
            "notification-url": "https://packagist.org/downloads/",
            "license": [
                "MIT"
            ],
            "authors": [
                {
                    "name": "Gert de Pagter",
                    "email": "BackEndTea@gmail.com"
                },
                {
                    "name": "Symfony Community",
                    "homepage": "https://symfony.com/contributors"
                }
            ],
            "description": "Symfony polyfill for ctype functions",
            "homepage": "https://symfony.com",
            "keywords": [
                "compatibility",
                "ctype",
                "polyfill",
                "portable"
            ],
            "support": {
                "source": "https://github.com/symfony/polyfill-ctype/tree/main"
            },
            "funding": [
                {
                    "url": "https://symfony.com/sponsor",
                    "type": "custom"
                },
                {
                    "url": "https://github.com/fabpot",
                    "type": "github"
                },
                {
                    "url": "https://tidelift.com/funding/github/packagist/symfony/symfony",
                    "type": "tidelift"
                }
            ],
            "time": "2020-10-26T13:35:45+00:00"
        },
        {
            "name": "vierbergenlars/php-semver",
            "version": "3.0.2",
            "source": {
                "type": "git",
                "url": "https://github.com/vierbergenlars/php-semver.git",
                "reference": "be22b86be4c1133acc42fd1685276792024af5f9"
            },
            "dist": {
                "type": "zip",
                "url": "https://api.github.com/repos/vierbergenlars/php-semver/zipball/be22b86be4c1133acc42fd1685276792024af5f9",
                "reference": "be22b86be4c1133acc42fd1685276792024af5f9",
                "shasum": ""
            },
            "require": {
                "php": ">=5.3.0"
            },
            "require-dev": {
                "phpunit/phpunit": "~4"
            },
            "bin": [
                "bin/semver",
                "bin/update-versions"
            ],
            "type": "library",
            "autoload": {
                "psr-0": {
                    "vierbergenlars\\SemVer\\": "src/",
                    "vierbergenlars\\LibJs\\": "src/"
                },
                "classmap": [
                    "src/vierbergenlars/SemVer/internal.php"
                ]
            },
            "notification-url": "https://packagist.org/downloads/",
            "license": [
                "MIT"
            ],
            "authors": [
                {
                    "name": "Lars Vierbergen",
                    "email": "vierbergenlars@gmail.com"
                }
            ],
            "description": "The Semantic Versioner for PHP",
            "keywords": [
                "semantic",
                "semver",
                "versioning"
            ],
            "support": {
                "issues": "https://github.com/vierbergenlars/php-semver/issues",
                "source": "https://github.com/vierbergenlars/php-semver/tree/master"
            },
            "time": "2017-07-11T09:53:59+00:00"
        }
    ],
    "packages-dev": [],
    "aliases": [],
    "minimum-stability": "dev",
    "stability-flags": {
        "itpanda-llc/yandex-speechkit-php-sdk": 20,
        "hackthissite/php-bull-scheduler": 20
    },
    "prefer-stable": false,
    "prefer-lowest": false,
    "platform": {
        "ext-curl": "*",
        "ext-json": "*",
        "ext-sockets": "*",
        "ext-pdo": "*",
        "ext-posix": "*",
        "ext-pcntl": "*",
        "ext-gd": "*",
        "ext-mbstring": "*"
    },
    "platform-dev": [],
    "plugin-api-version": "2.0.0"
}
